
Microsoft Visual Studio Solution File, Format Version 12.00
# Visual Studio Version 17
VisualStudioVersion = 17.10.35122.118
MinimumVisualStudioVersion = 10.0.40219.1
Project("{FAE04EC0-301F-11D3-BF4B-00C04F79EFBC}") = "Libreria", "Libreria\Libreria.csproj", "{D4AD0BB9-0F42-4B8A-A084-ECE6A81DB14A}"
EndProject
Global
	GlobalSection(SolutionConfigurationPlatforms) = preSolution
		Debug|Any CPU = Debug|Any CPU
		Release|Any CPU = Release|Any CPU
	EndGlobalSection
	GlobalSection(ProjectConfigurationPlatforms) = postSolution
		{D4AD0BB9-0F42-4B8A-A084-ECE6A81DB14A}.Debug|Any CPU.ActiveCfg = Debug|Any CPU
		{D4AD0BB9-0F42-4B8A-A084-ECE6A81DB14A}.Debug|Any CPU.Build.0 = Debug|Any CPU
		{D4AD0BB9-0F42-4B8A-A084-ECE6A81DB14A}.Release|Any CPU.ActiveCfg = Release|Any CPU
		{D4AD0BB9-0F42-4B8A-A084-ECE6A81DB14A}.Release|Any CPU.Build.0 = Release|Any CPU
	EndGlobalSection
	GlobalSection(SolutionProperties) = preSolution
		HideSolutionNode = FALSE
	EndGlobalSection
	GlobalSection(ExtensibilityGlobals) = postSolution
		SolutionGuid = {44C4583B-434B-4C23-A704-F3E8BBAE25F6}
	EndGlobalSection
EndGlobal
